
Microsoft Visual Studio Solution File, Format Version 12.00
# Visual Studio 15
VisualStudioVersion = 15.0.27703.2047
MinimumVisualStudioVersion = 10.0.40219.1
Project("{888888A0-9F3D-457C-B088-3A5042F75D52}") = "headlines", "headlines\headlines.pyproj", "{E23B4596-595A-4D4A-9F6B-DAC7B7B281DC}"
EndProject
Global
	GlobalSection(SolutionConfigurationPlatforms) = preSolution
		Debug|Any CPU = Debug|Any CPU
		Release|Any CPU = Release|Any CPU
	EndGlobalSection
	GlobalSection(ProjectConfigurationPlatforms) = postSolution
		{E23B4596-595A-4D4A-9F6B-DAC7B7B281DC}.Debug|Any CPU.ActiveCfg = Debug|Any CPU
		{E23B4596-595A-4D4A-9F6B-DAC7B7B281DC}.Release|Any CPU.ActiveCfg = Release|Any CPU
	EndGlobalSection
	GlobalSection(SolutionProperties) = preSolution
		HideSolutionNode = FALSE
	EndGlobalSection
	GlobalSection(ExtensibilityGlobals) = postSolution
		SolutionGuid = {9A136A2E-3C53-41B1-A028-CD0504D337D1}
	EndGlobalSection
EndGlobal
